// !$*UTF8*$!
{
	archiveVersion = 1;
	classes = {
	};
	objectVersion = 50;
	objects = {

/* Begin PBXBuildFile section */
		E72D250B25A69F9D0035F481 /* NewTask.swift in Sources */ = {isa = PBXBuildFile; fileRef = E72D250A25A69F9D0035F481 /* NewTask.swift */; };
		E72D250D25A6AC190035F481 /* BindingExtention.swift in Sources */ = {isa = PBXBuildFile; fileRef = E72D250C25A6AC190035F481 /* BindingExtention.swift */; };
		E78ABB8E25A44324002327BA /* ToDoList.swift in Sources */ = {isa = PBXBuildFile; fileRef = E78ABB8D25A44324002327BA /* ToDoList.swift */; };
		E78ABB9025A4575B002327BA /* ToDoDetailRow.swift in Sources */ = {isa = PBXBuildFile; fileRef = E78ABB8F25A4575B002327BA /* ToDoDetailRow.swift */; };
		E79C7D0225A7620800E55AE5 /* EditToDo.swift in Sources */ = {isa = PBXBuildFile; fileRef = E79C7D0125A7620800E55AE5 /* EditToDo.swift */; };
		E79C7D0425A76F3800E55AE5 /* TodayToDo.swift in Sources */ = {isa = PBXBuildFile; fileRef = E79C7D0325A76F3800E55AE5 /* TodayToDo.swift */; };
		E79C7D0625A7711E00E55AE5 /* DateExtention.swift in Sources */ = {isa = PBXBuildFile; fileRef = E79C7D0525A7711E00E55AE5 /* DateExtention.swift */; };
		E79C7D0825A7754500E55AE5 /* CornerRadius.swift in Sources */ = {isa = PBXBuildFile; fileRef = E79C7D0725A7754500E55AE5 /* CornerRadius.swift */; };
		E7A4901D25A30BF500346240 /* ToDoEntityExtension.swift in Sources */ = {isa = PBXBuildFile; fileRef = E7A4901C25A30BF500346240 /* ToDoEntityExtension.swift */; };
		E7A4901F25A30EC200346240 /* CategoryView.swift in Sources */ = {isa = PBXBuildFile; fileRef = E7A4901E25A30EC200346240 /* CategoryView.swift */; };
		E7A4902125A405A900346240 /* QuickNewTask.swift in Sources */ = {isa = PBXBuildFile; fileRef = E7A4902025A405A900346240 /* QuickNewTask.swift */; };
		E7E1FFC225A2CFB100E6880A /* AppDelegate.swift in Sources */ = {isa = PBXBuildFile; fileRef = E7E1FFC125A2CFB100E6880A /* AppDelegate.swift */; };
		E7E1FFC425A2CFB100E6880A /* SceneDelegate.swift in Sources */ = {isa = PBXBuildFile; fileRef = E7E1FFC325A2CFB100E6880A /* SceneDelegate.swift */; };
		E7E1FFC725A2CFB100E6880A /* SwiftUI_ToDoListApp.xcdatamodeld in Sources */ = {isa = PBXBuildFile; fileRef = E7E1FFC525A2CFB100E6880A /* SwiftUI_ToDoListApp.xcdatamodeld */; };
		E7E1FFC925A2CFB100E6880A /* ContentView.swift in Sources */ = {isa = PBXBuildFile; fileRef = E7E1FFC825A2CFB100E6880A /* ContentView.swift */; };
		E7E1FFCB25A2CFC000E6880A /* Assets.xcassets in Resources */ = {isa = PBXBuildFile; fileRef = E7E1FFCA25A2CFC000E6880A /* Assets.xcassets */; };
		E7E1FFCE25A2CFC000E6880A /* Preview Assets.xcassets in Resources */ = {isa = PBXBuildFile; fileRef = E7E1FFCD25A2CFC000E6880A /* Preview Assets.xcassets */; };
		E7E1FFD125A2CFC000E6880A /* LaunchScreen.storyboard in Resources */ = {isa = PBXBuildFile; fileRef = E7E1FFCF25A2CFC000E6880A /* LaunchScreen.storyboard */; };
		E7E1FFDC25A2CFC100E6880A /* SwiftUI_ToDoListAppTests.swift in Sources */ = {isa = PBXBuildFile; fileRef = E7E1FFDB25A2CFC100E6880A /* SwiftUI_ToDoListAppTests.swift */; };
		E7E1FFE725A2CFC100E6880A /* SwiftUI_ToDoListAppUITests.swift in Sources */ = {isa = PBXBuildFile; fileRef = E7E1FFE625A2CFC100E6880A /* SwiftUI_ToDoListAppUITests.swift */; };
		E7E1FFF525A2D04D00E6880A /* CategoryImage.swift in Sources */ = {isa = PBXBuildFile; fileRef = E7E1FFF425A2D04D00E6880A /* CategoryImage.swift */; };
		E7E1FFF725A2DCFF00E6880A /* CheckBox.swift in Sources */ = {isa = PBXBuildFile; fileRef = E7E1FFF625A2DCFF00E6880A /* CheckBox.swift */; };
		E7E1FFFA25A2EAB700E6880A /* ColorExtension.swift in Sources */ = {isa = PBXBuildFile; fileRef = E7E1FFF925A2EAB600E6880A /* ColorExtension.swift */; };
		E7E1FFFC25A2EF9500E6880A /* UserView.swift in Sources */ = {isa = PBXBuildFile; fileRef = E7E1FFFB25A2EF9500E6880A /* UserView.swift */; };
/* End PBXBuildFile section */

/* Begin PBXContainerItemProxy section */
		E7E1FFD825A2CFC100E6880A /* PBXContainerItemProxy */ = {
			isa = PBXContainerItemProxy;
			containerPortal = E7E1FFB625A2CFB100E6880A /* Project object */;
			proxyType = 1;
			remoteGlobalIDString = E7E1FFBD25A2CFB100E6880A;
			remoteInfo = "SwiftUI ToDoListApp";
		};
		E7E1FFE325A2CFC100E6880A /* PBXContainerItemProxy */ = {
			isa = PBXContainerItemProxy;
			containerPortal = E7E1FFB625A2CFB100E6880A /* Project object */;
			proxyType = 1;
			remoteGlobalIDString = E7E1FFBD25A2CFB100E6880A;
			remoteInfo = "SwiftUI ToDoListApp";
		};
/* End PBXContainerItemProxy section */

/* Begin PBXFileReference section */
		E72D250A25A69F9D0035F481 /* NewTask.swift */ = {isa = PBXFileReference; lastKnownFileType = sourcecode.swift; path = NewTask.swift; sourceTree = "<group>"; };
		E72D250C25A6AC190035F481 /* BindingExtention.swift */ = {isa = PBXFileReference; lastKnownFileType = sourcecode.swift; path = BindingExtention.swift; sourceTree = "<group>"; };
		E78ABB8D25A44324002327BA /* ToDoList.swift */ = {isa = PBXFileReference; lastKnownFileType = sourcecode.swift; path = ToDoList.swift; sourceTree = "<group>"; };
		E78ABB8F25A4575B002327BA /* ToDoDetailRow.swift */ = {isa = PBXFileReference; lastKnownFileType = sourcecode.swift; path = ToDoDetailRow.swift; sourceTree = "<group>"; };
		E79C7D0125A7620800E55AE5 /* EditToDo.swift */ = {isa = PBXFileReference; lastKnownFileType = sourcecode.swift; path = EditToDo.swift; sourceTree = "<group>"; };
		E79C7D0325A76F3800E55AE5 /* TodayToDo.swift */ = {isa = PBXFileReference; lastKnownFileType = sourcecode.swift; path = TodayToDo.swift; sourceTree = "<group>"; };
		E79C7D0525A7711E00E55AE5 /* DateExtention.swift */ = {isa = PBXFileReference; lastKnownFileType = sourcecode.swift; path = DateExtention.swift; sourceTree = "<group>"; };
		E79C7D0725A7754500E55AE5 /* CornerRadius.swift */ = {isa = PBXFileReference; lastKnownFileType = sourcecode.swift; path = CornerRadius.swift; sourceTree = "<group>"; };
		E7A4901C25A30BF500346240 /* ToDoEntityExtension.swift */ = {isa = PBXFileReference; lastKnownFileType = sourcecode.swift; path = ToDoEntityExtension.swift; sourceTree = "<group>"; };
		E7A4901E25A30EC200346240 /* CategoryView.swift */ = {isa = PBXFileReference; lastKnownFileType = sourcecode.swift; path = CategoryView.swift; sourceTree = "<group>"; };
		E7A4902025A405A900346240 /* QuickNewTask.swift */ = {isa = PBXFileReference; lastKnownFileType = sourcecode.swift; path = QuickNewTask.swift; sourceTree = "<group>"; };
		E7E1FFBE25A2CFB100E6880A /* SwiftUI ToDoListApp.app */ = {isa = PBXFileReference; explicitFileType = wrapper.application; includeInIndex = 0; path = "SwiftUI ToDoListApp.app"; sourceTree = BUILT_PRODUCTS_DIR; };
		E7E1FFC125A2CFB100E6880A /* AppDelegate.swift */ = {isa = PBXFileReference; lastKnownFileType = sourcecode.swift; path = AppDelegate.swift; sourceTree = "<group>"; };
		E7E1FFC325A2CFB100E6880A /* SceneDelegate.swift */ = {isa = PBXFileReference; lastKnownFileType = sourcecode.swift; path = SceneDelegate.swift; sourceTree = "<group>"; };
		E7E1FFC625A2CFB100E6880A /* SwiftUI_ToDoListApp.xcdatamodel */ = {isa = PBXFileReference; lastKnownFileType = wrapper.xcdatamodel; path = SwiftUI_ToDoListApp.xcdatamodel; sourceTree = "<group>"; };
		E7E1FFC825A2CFB100E6880A /* ContentView.swift */ = {isa = PBXFileReference; lastKnownFileType = sourcecode.swift; path = ContentView.swift; sourceTree = "<group>"; };
		E7E1FFCA25A2CFC000E6880A /* Assets.xcassets */ = {isa = PBXFileReference; lastKnownFileType = folder.assetcatalog; path = Assets.xcassets; sourceTree = "<group>"; };
		E7E1FFCD25A2CFC000E6880A /* Preview Assets.xcassets */ = {isa = PBXFileReference; lastKnownFileType = folder.assetcatalog; path = "Preview Assets.xcassets"; sourceTree = "<group>"; };
		E7E1FFD025A2CFC000E6880A /* Base */ = {isa = PBXFileReference; lastKnownFileType = file.storyboard; name = Base; path = Base.lproj/LaunchScreen.storyboard; sourceTree = "<group>"; };
		E7E1FFD225A2CFC000E6880A /* Info.plist */ = {isa = PBXFileReference; lastKnownFileType = text.plist.xml; path = Info.plist; sourceTree = "<group>"; };
		E7E1FFD725A2CFC100E6880A /* SwiftUI ToDoListAppTests.xctest */ = {isa = PBXFileReference; explicitFileType = wrapper.cfbundle; includeInIndex = 0; path = "SwiftUI ToDoListAppTests.xctest"; sourceTree = BUILT_PRODUCTS_DIR; };
		E7E1FFDB25A2CFC100E6880A /* SwiftUI_ToDoListAppTests.swift */ = {isa = PBXFileReference; lastKnownFileType = sourcecode.swift; path = SwiftUI_ToDoListAppTests.swift; sourceTree = "<group>"; };
		E7E1FFDD25A2CFC100E6880A /* Info.plist */ = {isa = PBXFileReference; lastKnownFileType = text.plist.xml; path = Info.plist; sourceTree = "<group>"; };
		E7E1FFE225A2CFC100E6880A /* SwiftUI ToDoListAppUITests.xctest */ = {isa = PBXFileReference; explicitFileType = wrapper.cfbundle; includeInIndex = 0; path = "SwiftUI ToDoListAppUITests.xctest"; sourceTree = BUILT_PRODUCTS_DIR; };
		E7E1FFE625A2CFC100E6880A /* SwiftUI_ToDoListAppUITests.swift */ = {isa = PBXFileReference; lastKnownFileType = sourcecode.swift; path = SwiftUI_ToDoListAppUITests.swift; sourceTree = "<group>"; };
		E7E1FFE825A2CFC100E6880A /* Info.plist */ = {isa = PBXFileReference; lastKnownFileType = text.plist.xml; path = Info.plist; sourceTree = "<group>"; };
		E7E1FFF425A2D04D00E6880A /* CategoryImage.swift */ = {isa = PBXFileReference; lastKnownFileType = sourcecode.swift; path = CategoryImage.swift; sourceTree = "<group>"; };
		E7E1FFF625A2DCFF00E6880A /* CheckBox.swift */ = {isa = PBXFileReference; lastKnownFileType = sourcecode.swift; path = CheckBox.swift; sourceTree = "<group>"; };
		E7E1FFF925A2EAB600E6880A /* ColorExtension.swift */ = {isa = PBXFileReference; lastKnownFileType = sourcecode.swift; path = ColorExtension.swift; sourceTree = "<group>"; };
		E7E1FFFB25A2EF9500E6880A /* UserView.swift */ = {isa = PBXFileReference; lastKnownFileType = sourcecode.swift; path = UserView.swift; sourceTree = "<group>"; };
/* End PBXFileReference section */

/* Begin PBXFrameworksBuildPhase section */
		E7E1FFBB25A2CFB100E6880A /* Frameworks */ = {
			isa = PBXFrameworksBuildPhase;
			buildActionMask = 2147483647;
			files = (
			);
			runOnlyForDeploymentPostprocessing = 0;
		};
		E7E1FFD425A2CFC100E6880A /* Frameworks */ = {
			isa = PBXFrameworksBuildPhase;
			buildActionMask = 2147483647;
			files = (
			);
			runOnlyForDeploymentPostprocessing = 0;
		};
		E7E1FFDF25A2CFC100E6880A /* Frameworks */ = {
			isa = PBXFrameworksBuildPhase;
			buildActionMask = 2147483647;
			files = (
			);
			runOnlyForDeploymentPostprocessing = 0;
		};
/* End PBXFrameworksBuildPhase section */

/* Begin PBXGroup section */
		E7E1FFB525A2CFB100E6880A = {
			isa = PBXGroup;
			children = (
				E7E1FFC025A2CFB100E6880A /* SwiftUI ToDoListApp */,
				E7E1FFDA25A2CFC100E6880A /* SwiftUI ToDoListAppTests */,
				E7E1FFE525A2CFC100E6880A /* SwiftUI ToDoListAppUITests */,
				E7E1FFBF25A2CFB100E6880A /* Products */,
			);
			sourceTree = "<group>";
		};
		E7E1FFBF25A2CFB100E6880A /* Products */ = {
			isa = PBXGroup;
			children = (
				E7E1FFBE25A2CFB100E6880A /* SwiftUI ToDoListApp.app */,
				E7E1FFD725A2CFC100E6880A /* SwiftUI ToDoListAppTests.xctest */,
				E7E1FFE225A2CFC100E6880A /* SwiftUI ToDoListAppUITests.xctest */,
			);
			name = Products;
			sourceTree = "<group>";
		};
		E7E1FFC025A2CFB100E6880A /* SwiftUI ToDoListApp */ = {
			isa = PBXGroup;
			children = (
				E7E1FFF825A2EA8A00E6880A /* Extension */,
				E7E1FFC825A2CFB100E6880A /* ContentView.swift */,
				E7E1FFF425A2D04D00E6880A /* CategoryImage.swift */,
				E7A4901E25A30EC200346240 /* CategoryView.swift */,
				E7E1FFF625A2DCFF00E6880A /* CheckBox.swift */,
				E7E1FFFB25A2EF9500E6880A /* UserView.swift */,
				E78ABB8D25A44324002327BA /* ToDoList.swift */,
				E78ABB8F25A4575B002327BA /* ToDoDetailRow.swift */,
				E72D250A25A69F9D0035F481 /* NewTask.swift */,
				E7A4902025A405A900346240 /* QuickNewTask.swift */,
				E79C7D0125A7620800E55AE5 /* EditToDo.swift */,
				E79C7D0325A76F3800E55AE5 /* TodayToDo.swift */,
				E79C7D0725A7754500E55AE5 /* CornerRadius.swift */,
				E7E1FFC125A2CFB100E6880A /* AppDelegate.swift */,
				E7E1FFC325A2CFB100E6880A /* SceneDelegate.swift */,
				E7E1FFCA25A2CFC000E6880A /* Assets.xcassets */,
				E7E1FFCF25A2CFC000E6880A /* LaunchScreen.storyboard */,
				E7E1FFD225A2CFC000E6880A /* Info.plist */,
				E7E1FFC525A2CFB100E6880A /* SwiftUI_ToDoListApp.xcdatamodeld */,
				E7E1FFCC25A2CFC000E6880A /* Preview Content */,
			);
			path = "SwiftUI ToDoListApp";
			sourceTree = "<group>";
		};
		E7E1FFCC25A2CFC000E6880A /* Preview Content */ = {
			isa = PBXGroup;
			children = (
				E7E1FFCD25A2CFC000E6880A /* Preview Assets.xcassets */,
			);
			path = "Preview Content";
			sourceTree = "<group>";
		};
		E7E1FFDA25A2CFC100E6880A /* SwiftUI ToDoListAppTests */ = {
			isa = PBXGroup;
			children = (
				E7E1FFDB25A2CFC100E6880A /* SwiftUI_ToDoListAppTests.swift */,
				E7E1FFDD25A2CFC100E6880A /* Info.plist */,
			);
			path = "SwiftUI ToDoListAppTests";
			sourceTree = "<group>";
		};
		E7E1FFE525A2CFC100E6880A /* SwiftUI ToDoListAppUITests */ = {
			isa = PBXGroup;
			children = (
				E7E1FFE625A2CFC100E6880A /* SwiftUI_ToDoListAppUITests.swift */,
				E7E1FFE825A2CFC100E6880A /* Info.plist */,
			);
			path = "SwiftUI ToDoListAppUITests";
			sourceTree = "<group>";
		};
		E7E1FFF825A2EA8A00E6880A /* Extension */ = {
			isa = PBXGroup;
			children = (
				E7E1FFF925A2EAB600E6880A /* ColorExtension.swift */,
				E7A4901C25A30BF500346240 /* ToDoEntityExtension.swift */,
				E72D250C25A6AC190035F481 /* BindingExtention.swift */,
				E79C7D0525A7711E00E55AE5 /* DateExtention.swift */,
			);
			path = Extension;
			sourceTree = "<group>";
		};
/* End PBXGroup section */

/* Begin PBXNativeTarget section */
		E7E1FFBD25A2CFB100E6880A /* SwiftUI ToDoListApp */ = {
			isa = PBXNativeTarget;
			buildConfigurationList = E7E1FFEB25A2CFC100E6880A /* Build configuration list for PBXNativeTarget "SwiftUI ToDoListApp" */;
			buildPhases = (
				E7E1FFBA25A2CFB100E6880A /* Sources */,
				E7E1FFBB25A2CFB100E6880A /* Frameworks */,
				E7E1FFBC25A2CFB100E6880A /* Resources */,
			);
			buildRules = (
			);
			dependencies = (
			);
			name = "SwiftUI ToDoListApp";
			productName = "SwiftUI ToDoListApp";
			productReference = E7E1FFBE25A2CFB100E6880A /* SwiftUI ToDoListApp.app */;
			productType = "com.apple.product-type.application";
		};
		E7E1FFD625A2CFC100E6880A /* SwiftUI ToDoListAppTests */ = {
			isa = PBXNativeTarget;
			buildConfigurationList = E7E1FFEE25A2CFC100E6880A /* Build configuration list for PBXNativeTarget "SwiftUI ToDoListAppTests" */;
			buildPhases = (
				E7E1FFD325A2CFC100E6880A /* Sources */,
				E7E1FFD425A2CFC100E6880A /* Frameworks */,
				E7E1FFD525A2CFC100E6880A /* Resources */,
			);
			buildRules = (
			);
			dependencies = (
				E7E1FFD925A2CFC100E6880A /* PBXTargetDependency */,
			);
			name = "SwiftUI ToDoListAppTests";
			productName = "SwiftUI ToDoListAppTests";
			productReference = E7E1FFD725A2CFC100E6880A /* SwiftUI ToDoListAppTests.xctest */;
			productType = "com.apple.product-type.bundle.unit-test";
		};
		E7E1FFE125A2CFC100E6880A /* SwiftUI ToDoListAppUITests */ = {
			isa = PBXNativeTarget;
			buildConfigurationList = E7E1FFF125A2CFC100E6880A /* Build configuration list for PBXNativeTarget "SwiftUI ToDoListAppUITests" */;
			buildPhases = (
				E7E1FFDE25A2CFC100E6880A /* Sources */,
				E7E1FFDF25A2CFC100E6880A /* Frameworks */,
				E7E1FFE025A2CFC100E6880A /* Resources */,
			);
			buildRules = (
			);
			dependencies = (
				E7E1FFE425A2CFC100E6880A /* PBXTargetDependency */,
			);
			name = "SwiftUI ToDoListAppUITests";
			productName = "SwiftUI ToDoListAppUITests";
			productReference = E7E1FFE225A2CFC100E6880A /* SwiftUI ToDoListAppUITests.xctest */;
			productType = "com.apple.product-type.bundle.ui-testing";
		};
/* End PBXNativeTarget section */

/* Begin PBXProject section */
		E7E1FFB625A2CFB100E6880A /* Project object */ = {
			isa = PBXProject;
			attributes = {
				LastSwiftUpdateCheck = 1150;
				LastUpgradeCheck = 1150;
				ORGANIZATIONNAME = "平林 宏淳";
				TargetAttributes = {
					E7E1FFBD25A2CFB100E6880A = {
						CreatedOnToolsVersion = 11.5;
					};
					E7E1FFD625A2CFC100E6880A = {
						CreatedOnToolsVersion = 11.5;
						TestTargetID = E7E1FFBD25A2CFB100E6880A;
					};
					E7E1FFE125A2CFC100E6880A = {
						CreatedOnToolsVersion = 11.5;
						TestTargetID = E7E1FFBD25A2CFB100E6880A;
					};
				};
			};
			buildConfigurationList = E7E1FFB925A2CFB100E6880A /* Build configuration list for PBXProject "SwiftUI ToDoListApp" */;
			compatibilityVersion = "Xcode 9.3";
			developmentRegion = en;
			hasScannedForEncodings = 0;
			knownRegions = (
				en,
				Base,
			);
			mainGroup = E7E1FFB525A2CFB100E6880A;
			productRefGroup = E7E1FFBF25A2CFB100E6880A /* Products */;
			projectDirPath = "";
			projectRoot = "";
			targets = (
				E7E1FFBD25A2CFB100E6880A /* SwiftUI ToDoListApp */,
				E7E1FFD625A2CFC100E6880A /* SwiftUI ToDoListAppTests */,
				E7E1FFE125A2CFC100E6880A /* SwiftUI ToDoListAppUITests */,
			);
		};
/* End PBXProject section */

/* Begin PBXResourcesBuildPhase section */
		E7E1FFBC25A2CFB100E6880A /* Resources */ = {
			isa = PBXResourcesBuildPhase;
			buildActionMask = 2147483647;
			files = (
				E7E1FFD125A2CFC000E6880A /* LaunchScreen.storyboard in Resources */,
				E7E1FFCE25A2CFC000E6880A /* Preview Assets.xcassets in Resources */,
				E7E1FFCB25A2CFC000E6880A /* Assets.xcassets in Resources */,
			);
			runOnlyForDeploymentPostprocessing = 0;
		};
		E7E1FFD525A2CFC100E6880A /* Resources */ = {
			isa = PBXResourcesBuildPhase;
			buildActionMask = 2147483647;
			files = (
			);
			runOnlyForDeploymentPostprocessing = 0;
		};
		E7E1FFE025A2CFC100E6880A /* Resources */ = {
			isa = PBXResourcesBuildPhase;
			buildActionMask = 2147483647;
			files = (
			);
			runOnlyForDeploymentPostprocessing = 0;
		};
/* End PBXResourcesBuildPhase section */

/* Begin PBXSourcesBuildPhase section */
		E7E1FFBA25A2CFB100E6880A /* Sources */ = {
			isa = PBXSourcesBuildPhase;
			buildActionMask = 2147483647;
			files = (
				E78ABB9025A4575B002327BA /* ToDoDetailRow.swift in Sources */,
				E7E1FFC225A2CFB100E6880A /* AppDelegate.swift in Sources */,
				E79C7D0625A7711E00E55AE5 /* DateExtention.swift in Sources */,
				E7A4902125A405A900346240 /* QuickNewTask.swift in Sources */,
				E7E1FFC725A2CFB100E6880A /* SwiftUI_ToDoListApp.xcdatamodeld in Sources */,
				E7E1FFF725A2DCFF00E6880A /* CheckBox.swift in Sources */,
				E79C7D0225A7620800E55AE5 /* EditToDo.swift in Sources */,
				E7E1FFFC25A2EF9500E6880A /* UserView.swift in Sources */,
				E79C7D0425A76F3800E55AE5 /* TodayToDo.swift in Sources */,
				E7A4901F25A30EC200346240 /* CategoryView.swift in Sources */,
				E7E1FFC925A2CFB100E6880A /* ContentView.swift in Sources */,
				E78ABB8E25A44324002327BA /* ToDoList.swift in Sources */,
				E72D250B25A69F9D0035F481 /* NewTask.swift in Sources */,
				E7A4901D25A30BF500346240 /* ToDoEntityExtension.swift in Sources */,
				E7E1FFF525A2D04D00E6880A /* CategoryImage.swift in Sources */,
				E7E1FFFA25A2EAB700E6880A /* ColorExtension.swift in Sources */,
				E79C7D0825A7754500E55AE5 /* CornerRadius.swift in Sources */,
				E7E1FFC425A2CFB100E6880A /* SceneDelegate.swift in Sources */,
				E72D250D25A6AC190035F481 /* BindingExtention.swift in Sources */,
			);
			runOnlyForDeploymentPostprocessing = 0;
		};
		E7E1FFD325A2CFC100E6880A /* Sources */ = {
			isa = PBXSourcesBuildPhase;
			buildActionMask = 2147483647;
			files = (
				E7E1FFDC25A2CFC100E6880A /* SwiftUI_ToDoListAppTests.swift in Sources */,
			);
			runOnlyForDeploymentPostprocessing = 0;
		};
		E7E1FFDE25A2CFC100E6880A /* Sources */ = {
			isa = PBXSourcesBuildPhase;
			buildActionMask = 2147483647;
			files = (
				E7E1FFE725A2CFC100E6880A /* SwiftUI_ToDoListAppUITests.swift in Sources */,
			);
			runOnlyForDeploymentPostprocessing = 0;
		};
/* End PBXSourcesBuildPhase section */

/* Begin PBXTargetDependency section */
		E7E1FFD925A2CFC100E6880A /* PBXTargetDependency */ = {
			isa = PBXTargetDependency;
			target = E7E1FFBD25A2CFB100E6880A /* SwiftUI ToDoListApp */;
			targetProxy = E7E1FFD825A2CFC100E6880A /* PBXContainerItemProxy */;
		};
		E7E1FFE425A2CFC100E6880A /* PBXTargetDependency */ = {
			isa = PBXTargetDependency;
			target = E7E1FFBD25A2CFB100E6880A /* SwiftUI ToDoListApp */;
			targetProxy = E7E1FFE325A2CFC100E6880A /* PBXContainerItemProxy */;
		};
/* End PBXTargetDependency section */

/* Begin PBXVariantGroup section */
		E7E1FFCF25A2CFC000E6880A /* LaunchScreen.storyboard */ = {
			isa = PBXVariantGroup;
			children = (
				E7E1FFD025A2CFC000E6880A /* Base */,
			);
			name = LaunchScreen.storyboard;
			sourceTree = "<group>";
		};
/* End PBXVariantGroup section */

/* Begin XCBuildConfiguration section */
		E7E1FFE925A2CFC100E6880A /* Debug */ = {
			isa = XCBuildConfiguration;
			buildSettings = {
				ALWAYS_SEARCH_USER_PATHS = NO;
				CLANG_ANALYZER_NONNULL = YES;
				CLANG_ANALYZER_NUMBER_OBJECT_CONVERSION = YES_AGGRESSIVE;
				CLANG_CXX_LANGUAGE_STANDARD = "gnu++14";
				CLANG_CXX_LIBRARY = "libc++";
				CLANG_ENABLE_MODULES = YES;
				CLANG_ENABLE_OBJC_ARC = YES;
				CLANG_ENABLE_OBJC_WEAK = YES;
				CLANG_WARN_BLOCK_CAPTURE_AUTORELEASING = YES;
				CLANG_WARN_BOOL_CONVERSION = YES;
				CLANG_WARN_COMMA = YES;
				CLANG_WARN_CONSTANT_CONVERSION = YES;
				CLANG_WARN_DEPRECATED_OBJC_IMPLEMENTATIONS = YES;
				CLANG_WARN_DIRECT_OBJC_ISA_USAGE = YES_ERROR;
				CLANG_WARN_DOCUMENTATION_COMMENTS = YES;
				CLANG_WARN_EMPTY_BODY = YES;
				CLANG_WARN_ENUM_CONVERSION = YES;
				CLANG_WARN_INFINITE_RECURSION = YES;
				CLANG_WARN_INT_CONVERSION = YES;
				CLANG_WARN_NON_LITERAL_NULL_CONVERSION = YES;
				CLANG_WARN_OBJC_IMPLICIT_RETAIN_SELF = YES;
				CLANG_WARN_OBJC_LITERAL_CONVERSION = YES;
				CLANG_WARN_OBJC_ROOT_CLASS = YES_ERROR;
				CLANG_WARN_RANGE_LOOP_ANALYSIS = YES;
				CLANG_WARN_STRICT_PROTOTYPES = YES;
				CLANG_WARN_SUSPICIOUS_MOVE = YES;
				CLANG_WARN_UNGUARDED_AVAILABILITY = YES_AGGRESSIVE;
				CLANG_WARN_UNREACHABLE_CODE = YES;
				CLANG_WARN__DUPLICATE_METHOD_MATCH = YES;
				COPY_PHASE_STRIP = NO;
				DEBUG_INFORMATION_FORMAT = dwarf;
				ENABLE_STRICT_OBJC_MSGSEND = YES;
				ENABLE_TESTABILITY = YES;
				GCC_C_LANGUAGE_STANDARD = gnu11;
				GCC_DYNAMIC_NO_PIC = NO;
				GCC_NO_COMMON_BLOCKS = YES;
				GCC_OPTIMIZATION_LEVEL = 0;
				GCC_PREPROCESSOR_DEFINITIONS = (
					"DEBUG=1",
					"$(inherited)",
				);
				GCC_WARN_64_TO_32_BIT_CONVERSION = YES;
				GCC_WARN_ABOUT_RETURN_TYPE = YES_ERROR;
				GCC_WARN_UNDECLARED_SELECTOR = YES;
				GCC_WARN_UNINITIALIZED_AUTOS = YES_AGGRESSIVE;
				GCC_WARN_UNUSED_FUNCTION = YES;
				GCC_WARN_UNUSED_VARIABLE = YES;
				IPHONEOS_DEPLOYMENT_TARGET = 13.5;
				MTL_ENABLE_DEBUG_INFO = INCLUDE_SOURCE;
				MTL_FAST_MATH = YES;
				ONLY_ACTIVE_ARCH = YES;
				SDKROOT = iphoneos;
				SWIFT_ACTIVE_COMPILATION_CONDITIONS = DEBUG;
				SWIFT_OPTIMIZATION_LEVEL = "-Onone";
			};
			name = Debug;
		};
		E7E1FFEA25A2CFC100E6880A /* Release */ = {
			isa = XCBuildConfiguration;
			buildSettings = {
				ALWAYS_SEARCH_USER_PATHS = NO;
				CLANG_ANALYZER_NONNULL = YES;
				CLANG_ANALYZER_NUMBER_OBJECT_CONVERSION = YES_AGGRESSIVE;
				CLANG_CXX_LANGUAGE_STANDARD = "gnu++14";
				CLANG_CXX_LIBRARY = "libc++";
				CLANG_ENABLE_MODULES = YES;
				CLANG_ENABLE_OBJC_ARC = YES;
				CLANG_ENABLE_OBJC_WEAK = YES;
				CLANG_WARN_BLOCK_CAPTURE_AUTORELEASING = YES;
				CLANG_WARN_BOOL_CONVERSION = YES;
				CLANG_WARN_COMMA = YES;
				CLANG_WARN_CONSTANT_CONVERSION = YES;
				CLANG_WARN_DEPRECATED_OBJC_IMPLEMENTATIONS = YES;
				CLANG_WARN_DIRECT_OBJC_ISA_USAGE = YES_ERROR;
				CLANG_WARN_DOCUMENTATION_COMMENTS = YES;
				CLANG_WARN_EMPTY_BODY = YES;
				CLANG_WARN_ENUM_CONVERSION = YES;
				CLANG_WARN_INFINITE_RECURSION = YES;
				CLANG_WARN_INT_CONVERSION = YES;
				CLANG_WARN_NON_LITERAL_NULL_CONVERSION = YES;
				CLANG_WARN_OBJC_IMPLICIT_RETAIN_SELF = YES;
				CLANG_WARN_OBJC_LITERAL_CONVERSION = YES;
				CLANG_WARN_OBJC_ROOT_CLASS = YES_ERROR;
				CLANG_WARN_RANGE_LOOP_ANALYSIS = YES;
				CLANG_WARN_STRICT_PROTOTYPES = YES;
				CLANG_WARN_SUSPICIOUS_MOVE = YES;
				CLANG_WARN_UNGUARDED_AVAILABILITY = YES_AGGRESSIVE;
				CLANG_WARN_UNREACHABLE_CODE = YES;
				CLANG_WARN__DUPLICATE_METHOD_MATCH = YES;
				COPY_PHASE_STRIP = NO;
				DEBUG_INFORMATION_FORMAT = "dwarf-with-dsym";
				ENABLE_NS_ASSERTIONS = NO;
				ENABLE_STRICT_OBJC_MSGSEND = YES;
				GCC_C_LANGUAGE_STANDARD = gnu11;
				GCC_NO_COMMON_BLOCKS = YES;
				GCC_WARN_64_TO_32_BIT_CONVERSION = YES;
				GCC_WARN_ABOUT_RETURN_TYPE = YES_ERROR;
				GCC_WARN_UNDECLARED_SELECTOR = YES;
				GCC_WARN_UNINITIALIZED_AUTOS = YES_AGGRESSIVE;
				GCC_WARN_UNUSED_FUNCTION = YES;
				GCC_WARN_UNUSED_VARIABLE = YES;
				IPHONEOS_DEPLOYMENT_TARGET = 13.5;
				MTL_ENABLE_DEBUG_INFO = NO;
				MTL_FAST_MATH = YES;
				SDKROOT = iphoneos;
				SWIFT_COMPILATION_MODE = wholemodule;
				SWIFT_OPTIMIZATION_LEVEL = "-O";
				VALIDATE_PRODUCT = YES;
			};
			name = Release;
		};
		E7E1FFEC25A2CFC100E6880A /* Debug */ = {
			isa = XCBuildConfiguration;
			buildSettings = {
				ASSETCATALOG_COMPILER_APPICON_NAME = AppIcon;
				CODE_SIGN_STYLE = Automatic;
				DEVELOPMENT_ASSET_PATHS = "\"SwiftUI ToDoListApp/Preview Content\"";
				DEVELOPMENT_TEAM = S3PW95J64Q;
				ENABLE_PREVIEWS = YES;
				INFOPLIST_FILE = "SwiftUI ToDoListApp/Info.plist";
				LD_RUNPATH_SEARCH_PATHS = (
					"$(inherited)",
					"@executable_path/Frameworks",
				);
				PRODUCT_BUNDLE_IDENTIFIER = "com.SwiftUI-ToDoListApp.SwiftUI-ToDoListApp";
				PRODUCT_NAME = "$(TARGET_NAME)";
				SWIFT_VERSION = 5.0;
				TARGETED_DEVICE_FAMILY = "1,2";
			};
			name = Debug;
		};
		E7E1FFED25A2CFC100E6880A /* Release */ = {
			isa = XCBuildConfiguration;
			buildSettings = {
				ASSETCATALOG_COMPILER_APPICON_NAME = AppIcon;
				CODE_SIGN_STYLE = Automatic;
				DEVELOPMENT_ASSET_PATHS = "\"SwiftUI ToDoListApp/Preview Content\"";
				DEVELOPMENT_TEAM = S3PW95J64Q;
				ENABLE_PREVIEWS = YES;
				INFOPLIST_FILE = "SwiftUI ToDoListApp/Info.plist";
				LD_RUNPATH_SEARCH_PATHS = (
					"$(inherited)",
					"@executable_path/Frameworks",
				);
				PRODUCT_BUNDLE_IDENTIFIER = "com.SwiftUI-ToDoListApp.SwiftUI-ToDoListApp";
				PRODUCT_NAME = "$(TARGET_NAME)";
				SWIFT_VERSION = 5.0;
				TARGETED_DEVICE_FAMILY = "1,2";
			};
			name = Release;
		};
		E7E1FFEF25A2CFC100E6880A /* Debug */ = {
			isa = XCBuildConfiguration;
			buildSettings = {
				ALWAYS_EMBED_SWIFT_STANDARD_LIBRARIES = YES;
				BUNDLE_LOADER = "$(TEST_HOST)";
				CODE_SIGN_STYLE = Automatic;
				DEVELOPMENT_TEAM = S3PW95J64Q;
				INFOPLIST_FILE = "SwiftUI ToDoListAppTests/Info.plist";
				IPHONEOS_DEPLOYMENT_TARGET = 13.5;
				LD_RUNPATH_SEARCH_PATHS = (
					"$(inherited)",
					"@executable_path/Frameworks",
					"@loader_path/Frameworks",
				);
				PRODUCT_BUNDLE_IDENTIFIER = "com.SwiftUI-ToDoListApp.SwiftUI-ToDoListAppTests";
				PRODUCT_NAME = "$(TARGET_NAME)";
				SWIFT_VERSION = 5.0;
				TARGETED_DEVICE_FAMILY = "1,2";
				TEST_HOST = "$(BUILT_PRODUCTS_DIR)/SwiftUI ToDoListApp.app/SwiftUI ToDoListApp";
			};
			name = Debug;
		};
		E7E1FFF025A2CFC100E6880A /* Release */ = {
			isa = XCBuildConfiguration;
			buildSettings = {
				ALWAYS_EMBED_SWIFT_STANDARD_LIBRARIES = YES;
				BUNDLE_LOADER = "$(TEST_HOST)";
				CODE_SIGN_STYLE = Automatic;
				DEVELOPMENT_TEAM = S3PW95J64Q;
				INFOPLIST_FILE = "SwiftUI ToDoListAppTests/Info.plist";
				IPHONEOS_DEPLOYMENT_TARGET = 13.5;
				LD_RUNPATH_SEARCH_PATHS = (
					"$(inherited)",
					"@executable_path/Frameworks",
					"@loader_path/Frameworks",
				);
				PRODUCT_BUNDLE_IDENTIFIER = "com.SwiftUI-ToDoListApp.SwiftUI-ToDoListAppTests";
				PRODUCT_NAME = "$(TARGET_NAME)";
				SWIFT_VERSION = 5.0;
				TARGETED_DEVICE_FAMILY = "1,2";
				TEST_HOST = "$(BUILT_PRODUCTS_DIR)/SwiftUI ToDoListApp.app/SwiftUI ToDoListApp";
			};
			name = Release;
		};
		E7E1FFF225A2CFC100E6880A /* Debug */ = {
			isa = XCBuildConfiguration;
			buildSettings = {
				ALWAYS_EMBED_SWIFT_STANDARD_LIBRARIES = YES;
				CODE_SIGN_STYLE = Automatic;
				DEVELOPMENT_TEAM = S3PW95J64Q;
				INFOPLIST_FILE = "SwiftUI ToDoListAppUITests/Info.plist";
				LD_RUNPATH_SEARCH_PATHS = (
					"$(inherited)",
					"@executable_path/Frameworks",
					"@loader_path/Frameworks",
				);
				PRODUCT_BUNDLE_IDENTIFIER = "com.SwiftUI-ToDoListApp.SwiftUI-ToDoListAppUITests";
				PRODUCT_NAME = "$(TARGET_NAME)";
				SWIFT_VERSION = 5.0;
				TARGETED_DEVICE_FAMILY = "1,2";
				TEST_TARGET_NAME = "SwiftUI ToDoListApp";
			};
			name = Debug;
		};
		E7E1FFF325A2CFC100E6880A /* Release */ = {
			isa = XCBuildConfiguration;
			buildSettings = {
				ALWAYS_EMBED_SWIFT_STANDARD_LIBRARIES = YES;
				CODE_SIGN_STYLE = Automatic;
				DEVELOPMENT_TEAM = S3PW95J64Q;
				INFOPLIST_FILE = "SwiftUI ToDoListAppUITests/Info.plist";
				LD_RUNPATH_SEARCH_PATHS = (
					"$(inherited)",
					"@executable_path/Frameworks",
					"@loader_path/Frameworks",
				);
				PRODUCT_BUNDLE_IDENTIFIER = "com.SwiftUI-ToDoListApp.SwiftUI-ToDoListAppUITests";
				PRODUCT_NAME = "$(TARGET_NAME)";
				SWIFT_VERSION = 5.0;
				TARGETED_DEVICE_FAMILY = "1,2";
				TEST_TARGET_NAME = "SwiftUI ToDoListApp";
			};
			name = Release;
		};
/* End XCBuildConfiguration section */

/* Begin XCConfigurationList section */
		E7E1FFB925A2CFB100E6880A /* Build configuration list for PBXProject "SwiftUI ToDoListApp" */ = {
			isa = XCConfigurationList;
			buildConfigurations = (
				E7E1FFE925A2CFC100E6880A /* Debug */,
				E7E1FFEA25A2CFC100E6880A /* Release */,
			);
			defaultConfigurationIsVisible = 0;
			defaultConfigurationName = Release;
		};
		E7E1FFEB25A2CFC100E6880A /* Build configuration list for PBXNativeTarget "SwiftUI ToDoListApp" */ = {
			isa = XCConfigurationList;
			buildConfigurations = (
				E7E1FFEC25A2CFC100E6880A /* Debug */,
				E7E1FFED25A2CFC100E6880A /* Release */,
			);
			defaultConfigurationIsVisible = 0;
			defaultConfigurationName = Release;
		};
		E7E1FFEE25A2CFC100E6880A /* Build configuration list for PBXNativeTarget "SwiftUI ToDoListAppTests" */ = {
			isa = XCConfigurationList;
			buildConfigurations = (
				E7E1FFEF25A2CFC100E6880A /* Debug */,
				E7E1FFF025A2CFC100E6880A /* Release */,
			);
			defaultConfigurationIsVisible = 0;
			defaultConfigurationName = Release;
		};
		E7E1FFF125A2CFC100E6880A /* Build configuration list for PBXNativeTarget "SwiftUI ToDoListAppUITests" */ = {
			isa = XCConfigurationList;
			buildConfigurations = (
				E7E1FFF225A2CFC100E6880A /* Debug */,
				E7E1FFF325A2CFC100E6880A /* Release */,
			);
			defaultConfigurationIsVisible = 0;
			defaultConfigurationName = Release;
		};
/* End XCConfigurationList section */

/* Begin XCVersionGroup section */
		E7E1FFC525A2CFB100E6880A /* SwiftUI_ToDoListApp.xcdatamodeld */ = {
			isa = XCVersionGroup;
			children = (
				E7E1FFC625A2CFB100E6880A /* SwiftUI_ToDoListApp.xcdatamodel */,
			);
			currentVersion = E7E1FFC625A2CFB100E6880A /* SwiftUI_ToDoListApp.xcdatamodel */;
			path = SwiftUI_ToDoListApp.xcdatamodeld;
			sourceTree = "<group>";
			versionGroupType = wrapper.xcdatamodel;
		};
/* End XCVersionGroup section */
	};
	rootObject = E7E1FFB625A2CFB100E6880A /* Project object */;
}
